
Microsoft Visual Studio Solution File, Format Version 12.00
# Visual Studio Version 17
VisualStudioVersion = 17.4.32916.344
MinimumVisualStudioVersion = 10.0.40219.1
Project("{9A19103F-16F7-4668-BE54-9A1E7A4F7556}") = "multi_ffmpeg", "multi_ffmpeg.csproj", "{7B95A87F-F875-42F2-9087-FA6CA1E2D49B}"
EndProject
Global
	GlobalSection(SolutionConfigurationPlatforms) = preSolution
		Debug|Any CPU = Debug|Any CPU
		Release|Any CPU = Release|Any CPU
	EndGlobalSection
	GlobalSection(ProjectConfigurationPlatforms) = postSolution
		{7B95A87F-F875-42F2-9087-FA6CA1E2D49B}.Debug|Any CPU.ActiveCfg = Debug|Any CPU
		{7B95A87F-F875-42F2-9087-FA6CA1E2D49B}.Debug|Any CPU.Build.0 = Debug|Any CPU
		{7B95A87F-F875-42F2-9087-FA6CA1E2D49B}.Release|Any CPU.ActiveCfg = Debug|Any CPU
		{7B95A87F-F875-42F2-9087-FA6CA1E2D49B}.Release|Any CPU.Build.0 = Debug|Any CPU
	EndGlobalSection
	GlobalSection(SolutionProperties) = preSolution
		HideSolutionNode = FALSE
	EndGlobalSection
	GlobalSection(ExtensibilityGlobals) = postSolution
		SolutionGuid = {9922A655-A980-40FC-9E99-C54000C621AF}
	EndGlobalSection
EndGlobal
